
Microsoft Visual Studio Solution File, Format Version 12.00
# Visual Studio Version 17
VisualStudioVersion = 17.3.32929.385
MinimumVisualStudioVersion = 10.0.40219.1
Project("{8BC9CEB8-8B4A-11D0-8D11-00A0C91BC942}") = "Embedded Code", "Embedded Code\Embedded Code.vcxproj", "{195BE248-48DF-4B7F-AC3F-15F3A4991D45}"
EndProject
Global
	GlobalSection(SolutionConfigurationPlatforms) = preSolution
		Debug|ARM = Debug|ARM
		Debug|ARM64 = Debug|ARM64
		Debug|x64 = Debug|x64
		Debug|x86 = Debug|x86
		Release|ARM = Release|ARM
		Release|ARM64 = Release|ARM64
		Release|x64 = Release|x64
		Release|x86 = Release|x86
	EndGlobalSection
	GlobalSection(ProjectConfigurationPlatforms) = postSolution
		{195BE248-48DF-4B7F-AC3F-15F3A4991D45}.Debug|ARM.ActiveCfg = Debug|ARM
		{195BE248-48DF-4B7F-AC3F-15F3A4991D45}.Debug|ARM.Build.0 = Debug|ARM
		{195BE248-48DF-4B7F-AC3F-15F3A4991D45}.Debug|ARM.Deploy.0 = Debug|ARM
		{195BE248-48DF-4B7F-AC3F-15F3A4991D45}.Debug|ARM64.ActiveCfg = Debug|ARM64
		{195BE248-48DF-4B7F-AC3F-15F3A4991D45}.Debug|ARM64.Build.0 = Debug|ARM64
		{195BE248-48DF-4B7F-AC3F-15F3A4991D45}.Debug|ARM64.Deploy.0 = Debug|ARM64
		{195BE248-48DF-4B7F-AC3F-15F3A4991D45}.Debug|x64.ActiveCfg = Debug|x64
		{195BE248-48DF-4B7F-AC3F-15F3A4991D45}.Debug|x64.Build.0 = Debug|x64
		{195BE248-48DF-4B7F-AC3F-15F3A4991D45}.Debug|x64.Deploy.0 = Debug|x64
		{195BE248-48DF-4B7F-AC3F-15F3A4991D45}.Debug|x86.ActiveCfg = Debug|x86
		{195BE248-48DF-4B7F-AC3F-15F3A4991D45}.Debug|x86.Build.0 = Debug|x86
		{195BE248-48DF-4B7F-AC3F-15F3A4991D45}.Debug|x86.Deploy.0 = Debug|x86
		{195BE248-48DF-4B7F-AC3F-15F3A4991D45}.Release|ARM.ActiveCfg = Release|ARM
		{195BE248-48DF-4B7F-AC3F-15F3A4991D45}.Release|ARM.Build.0 = Release|ARM
		{195BE248-48DF-4B7F-AC3F-15F3A4991D45}.Release|ARM.Deploy.0 = Release|ARM
		{195BE248-48DF-4B7F-AC3F-15F3A4991D45}.Release|ARM64.ActiveCfg = Release|ARM64
		{195BE248-48DF-4B7F-AC3F-15F3A4991D45}.Release|ARM64.Build.0 = Release|ARM64
		{195BE248-48DF-4B7F-AC3F-15F3A4991D45}.Release|ARM64.Deploy.0 = Release|ARM64
		{195BE248-48DF-4B7F-AC3F-15F3A4991D45}.Release|x64.ActiveCfg = Release|x64
		{195BE248-48DF-4B7F-AC3F-15F3A4991D45}.Release|x64.Build.0 = Release|x64
		{195BE248-48DF-4B7F-AC3F-15F3A4991D45}.Release|x64.Deploy.0 = Release|x64
		{195BE248-48DF-4B7F-AC3F-15F3A4991D45}.Release|x86.ActiveCfg = Release|x86
		{195BE248-48DF-4B7F-AC3F-15F3A4991D45}.Release|x86.Build.0 = Release|x86
		{195BE248-48DF-4B7F-AC3F-15F3A4991D45}.Release|x86.Deploy.0 = Release|x86
	EndGlobalSection
	GlobalSection(SolutionProperties) = preSolution
		HideSolutionNode = FALSE
	EndGlobalSection
	GlobalSection(ExtensibilityGlobals) = postSolution
		SolutionGuid = {409F7243-E9D3-45E4-B067-E092AC8E24AC}
	EndGlobalSection
EndGlobal
